
Microsoft Visual Studio Solution File, Format Version 12.00
# Visual Studio Version 17
VisualStudioVersion = 17.4.33110.190
MinimumVisualStudioVersion = 10.0.40219.1
Project("{9A19103F-16F7-4668-BE54-9A1E7A4F7556}") = "FlightPriceChecker", "FlightPriceChecker\FlightPriceChecker.csproj", "{4AF5C5C7-3190-4C99-86AF-CBD24020129A}"
EndProject
Project("{FAE04EC0-301F-11D3-BF4B-00C04F79EFBC}") = "FilterData", "FilterData\FilterData.csproj", "{CCC833FD-D087-4394-938C-36872D5D46A7}"
EndProject
Global
	GlobalSection(SolutionConfigurationPlatforms) = preSolution
		Debug|Any CPU = Debug|Any CPU
		Release|Any CPU = Release|Any CPU
	EndGlobalSection
	GlobalSection(ProjectConfigurationPlatforms) = postSolution
		{4AF5C5C7-3190-4C99-86AF-CBD24020129A}.Debug|Any CPU.ActiveCfg = Debug|Any CPU
		{4AF5C5C7-3190-4C99-86AF-CBD24020129A}.Debug|Any CPU.Build.0 = Debug|Any CPU
		{4AF5C5C7-3190-4C99-86AF-CBD24020129A}.Release|Any CPU.ActiveCfg = Release|Any CPU
		{4AF5C5C7-3190-4C99-86AF-CBD24020129A}.Release|Any CPU.Build.0 = Release|Any CPU
		{CCC833FD-D087-4394-938C-36872D5D46A7}.Debug|Any CPU.ActiveCfg = Debug|Any CPU
		{CCC833FD-D087-4394-938C-36872D5D46A7}.Debug|Any CPU.Build.0 = Debug|Any CPU
		{CCC833FD-D087-4394-938C-36872D5D46A7}.Release|Any CPU.ActiveCfg = Release|Any CPU
		{CCC833FD-D087-4394-938C-36872D5D46A7}.Release|Any CPU.Build.0 = Release|Any CPU
	EndGlobalSection
	GlobalSection(SolutionProperties) = preSolution
		HideSolutionNode = FALSE
	EndGlobalSection
	GlobalSection(ExtensibilityGlobals) = postSolution
		SolutionGuid = {90D5EB0C-2270-447D-BAAD-D4E9E919171C}
	EndGlobalSection
EndGlobal
